
Microsoft Visual Studio Solution File, Format Version 12.00
# Visual Studio Version 17
VisualStudioVersion = 17.5.33627.172
MinimumVisualStudioVersion = 10.0.40219.1
Project("{FAE04EC0-301F-11D3-BF4B-00C04F79EFBC}") = "MyGradingSystem", "MyGradingSystem\MyGradingSystem.csproj", "{65267901-F423-45C5-BA54-3790E63634F8}"
EndProject
Global
	GlobalSection(SolutionConfigurationPlatforms) = preSolution
		Debug|Any CPU = Debug|Any CPU
		Release|Any CPU = Release|Any CPU
	EndGlobalSection
	GlobalSection(ProjectConfigurationPlatforms) = postSolution
		{65267901-F423-45C5-BA54-3790E63634F8}.Debug|Any CPU.ActiveCfg = Debug|Any CPU
		{65267901-F423-45C5-BA54-3790E63634F8}.Debug|Any CPU.Build.0 = Debug|Any CPU
		{65267901-F423-45C5-BA54-3790E63634F8}.Release|Any CPU.ActiveCfg = Release|Any CPU
		{65267901-F423-45C5-BA54-3790E63634F8}.Release|Any CPU.Build.0 = Release|Any CPU
	EndGlobalSection
	GlobalSection(SolutionProperties) = preSolution
		HideSolutionNode = FALSE
	EndGlobalSection
	GlobalSection(ExtensibilityGlobals) = postSolution
		SolutionGuid = {3A587888-02BF-441C-B63D-A47FA07AD9FC}
	EndGlobalSection
EndGlobal
